
Microsoft Visual Studio Solution File, Format Version 12.00
# Visual Studio Version 17
VisualStudioVersion = 17.8.34511.84
MinimumVisualStudioVersion = 10.0.40219.1
Project("{FAE04EC0-301F-11D3-BF4B-00C04F79EFBC}") = "TaskLinQ", "TaskLinQ\TaskLinQ.csproj", "{58327083-C294-42ED-AAA7-713CF89B905E}"
EndProject
Global
	GlobalSection(SolutionConfigurationPlatforms) = preSolution
		Debug|Any CPU = Debug|Any CPU
		Release|Any CPU = Release|Any CPU
	EndGlobalSection
	GlobalSection(ProjectConfigurationPlatforms) = postSolution
		{58327083-C294-42ED-AAA7-713CF89B905E}.Debug|Any CPU.ActiveCfg = Debug|Any CPU
		{58327083-C294-42ED-AAA7-713CF89B905E}.Debug|Any CPU.Build.0 = Debug|Any CPU
		{58327083-C294-42ED-AAA7-713CF89B905E}.Release|Any CPU.ActiveCfg = Release|Any CPU
		{58327083-C294-42ED-AAA7-713CF89B905E}.Release|Any CPU.Build.0 = Release|Any CPU
	EndGlobalSection
	GlobalSection(SolutionProperties) = preSolution
		HideSolutionNode = FALSE
	EndGlobalSection
	GlobalSection(ExtensibilityGlobals) = postSolution
		SolutionGuid = {B459A955-1106-4098-87F5-154579ABBF5D}
	EndGlobalSection
EndGlobal
